
Microsoft Visual Studio Solution File, Format Version 12.00
# Visual Studio Version 17
VisualStudioVersion = 17.3.32714.290
MinimumVisualStudioVersion = 10.0.40219.1
Project("{FAE04EC0-301F-11D3-BF4B-00C04F79EFBC}") = "Etapa1", "Etapa1\Etapa1.csproj", "{45A99F30-2F91-40FB-AAE9-507EE847DD65}"
EndProject
Global
	GlobalSection(SolutionConfigurationPlatforms) = preSolution
		Debug|Any CPU = Debug|Any CPU
		Release|Any CPU = Release|Any CPU
	EndGlobalSection
	GlobalSection(ProjectConfigurationPlatforms) = postSolution
		{45A99F30-2F91-40FB-AAE9-507EE847DD65}.Debug|Any CPU.ActiveCfg = Debug|Any CPU
		{45A99F30-2F91-40FB-AAE9-507EE847DD65}.Debug|Any CPU.Build.0 = Debug|Any CPU
		{45A99F30-2F91-40FB-AAE9-507EE847DD65}.Release|Any CPU.ActiveCfg = Release|Any CPU
		{45A99F30-2F91-40FB-AAE9-507EE847DD65}.Release|Any CPU.Build.0 = Release|Any CPU
	EndGlobalSection
	GlobalSection(SolutionProperties) = preSolution
		HideSolutionNode = FALSE
	EndGlobalSection
	GlobalSection(ExtensibilityGlobals) = postSolution
		SolutionGuid = {E9675AE7-8707-48E9-A55A-7FA74FCDE845}
	EndGlobalSection
EndGlobal
